
Microsoft Visual Studio Solution File, Format Version 12.00
# Visual Studio Version 17
VisualStudioVersion = 17.0.32112.339
MinimumVisualStudioVersion = 10.0.40219.1
Project("{FAE04EC0-301F-11D3-BF4B-00C04F79EFBC}") = "App", "App\App.csproj", "{EAEF9BC2-064C-4623-94A8-2AB0E420C16E}"
EndProject
Project("{FAE04EC0-301F-11D3-BF4B-00C04F79EFBC}") = "Data", "Data\Data.csproj", "{5C0A6C2D-0F1E-451D-BC69-8915F3EAE2CC}"
EndProject
Global
	GlobalSection(SolutionConfigurationPlatforms) = preSolution
		Debug|Any CPU = Debug|Any CPU
		Release|Any CPU = Release|Any CPU
	EndGlobalSection
	GlobalSection(ProjectConfigurationPlatforms) = postSolution
		{EAEF9BC2-064C-4623-94A8-2AB0E420C16E}.Debug|Any CPU.ActiveCfg = Debug|Any CPU
		{EAEF9BC2-064C-4623-94A8-2AB0E420C16E}.Debug|Any CPU.Build.0 = Debug|Any CPU
		{EAEF9BC2-064C-4623-94A8-2AB0E420C16E}.Release|Any CPU.ActiveCfg = Release|Any CPU
		{EAEF9BC2-064C-4623-94A8-2AB0E420C16E}.Release|Any CPU.Build.0 = Release|Any CPU
		{5C0A6C2D-0F1E-451D-BC69-8915F3EAE2CC}.Debug|Any CPU.ActiveCfg = Debug|Any CPU
		{5C0A6C2D-0F1E-451D-BC69-8915F3EAE2CC}.Debug|Any CPU.Build.0 = Debug|Any CPU
		{5C0A6C2D-0F1E-451D-BC69-8915F3EAE2CC}.Release|Any CPU.ActiveCfg = Release|Any CPU
		{5C0A6C2D-0F1E-451D-BC69-8915F3EAE2CC}.Release|Any CPU.Build.0 = Release|Any CPU
	EndGlobalSection
	GlobalSection(SolutionProperties) = preSolution
		HideSolutionNode = FALSE
	EndGlobalSection
	GlobalSection(ExtensibilityGlobals) = postSolution
		SolutionGuid = {6C026F9D-CD34-4AA8-B7D6-E82BA47B7414}
	EndGlobalSection
EndGlobal
